// !$*UTF8*$!
{
	archiveVersion = 1;
	classes = {
	};
	objectVersion = 55;
	objects = {

/* Begin PBXBuildFile section */
		A718838E2856389500037184 /* spotyApp.swift in Sources */ = {isa = PBXBuildFile; fileRef = A718838D2856389500037184 /* spotyApp.swift */; };
		A71883902856389500037184 /* ContentView.swift in Sources */ = {isa = PBXBuildFile; fileRef = A718838F2856389500037184 /* ContentView.swift */; };
		A71883922856389800037184 /* Assets.xcassets in Resources */ = {isa = PBXBuildFile; fileRef = A71883912856389800037184 /* Assets.xcassets */; };
		A71883952856389800037184 /* Preview Assets.xcassets in Resources */ = {isa = PBXBuildFile; fileRef = A71883942856389800037184 /* Preview Assets.xcassets */; };
		A718839F2856389800037184 /* spotyTests.swift in Sources */ = {isa = PBXBuildFile; fileRef = A718839E2856389800037184 /* spotyTests.swift */; };
		A71883A92856389800037184 /* spotyUITests.swift in Sources */ = {isa = PBXBuildFile; fileRef = A71883A82856389800037184 /* spotyUITests.swift */; };
		A71883AB2856389800037184 /* spotyUITestsLaunchTests.swift in Sources */ = {isa = PBXBuildFile; fileRef = A71883AA2856389800037184 /* spotyUITestsLaunchTests.swift */; };
/* End PBXBuildFile section */

/* Begin PBXContainerItemProxy section */
		A718839B2856389800037184 /* PBXContainerItemProxy */ = {
			isa = PBXContainerItemProxy;
			containerPortal = A71883822856389500037184 /* Project object */;
			proxyType = 1;
			remoteGlobalIDString = A71883892856389500037184;
			remoteInfo = spoty;
		};
		A71883A52856389800037184 /* PBXContainerItemProxy */ = {
			isa = PBXContainerItemProxy;
			containerPortal = A71883822856389500037184 /* Project object */;
			proxyType = 1;
			remoteGlobalIDString = A71883892856389500037184;
			remoteInfo = spoty;
		};
/* End PBXContainerItemProxy section */

/* Begin PBXFileReference section */
		A718838A2856389500037184 /* spoty.app */ = {isa = PBXFileReference; explicitFileType = wrapper.application; includeInIndex = 0; path = spoty.app; sourceTree = BUILT_PRODUCTS_DIR; };
		A718838D2856389500037184 /* spotyApp.swift */ = {isa = PBXFileReference; lastKnownFileType = sourcecode.swift; path = spotyApp.swift; sourceTree = "<group>"; };
		A718838F2856389500037184 /* ContentView.swift */ = {isa = PBXFileReference; lastKnownFileType = sourcecode.swift; path = ContentView.swift; sourceTree = "<group>"; };
		A71883912856389800037184 /* Assets.xcassets */ = {isa = PBXFileReference; lastKnownFileType = folder.assetcatalog; path = Assets.xcassets; sourceTree = "<group>"; };
		A71883942856389800037184 /* Preview Assets.xcassets */ = {isa = PBXFileReference; lastKnownFileType = folder.assetcatalog; path = "Preview Assets.xcassets"; sourceTree = "<group>"; };
		A718839A2856389800037184 /* spotyTests.xctest */ = {isa = PBXFileReference; explicitFileType = wrapper.cfbundle; includeInIndex = 0; path = spotyTests.xctest; sourceTree = BUILT_PRODUCTS_DIR; };
		A718839E2856389800037184 /* spotyTests.swift */ = {isa = PBXFileReference; lastKnownFileType = sourcecode.swift; path = spotyTests.swift; sourceTree = "<group>"; };
		A71883A42856389800037184 /* spotyUITests.xctest */ = {isa = PBXFileReference; explicitFileType = wrapper.cfbundle; includeInIndex = 0; path = spotyUITests.xctest; sourceTree = BUILT_PRODUCTS_DIR; };
		A71883A82856389800037184 /* spotyUITests.swift */ = {isa = PBXFileReference; lastKnownFileType = sourcecode.swift; path = spotyUITests.swift; sourceTree = "<group>"; };
		A71883AA2856389800037184 /* spotyUITestsLaunchTests.swift */ = {isa = PBXFileReference; lastKnownFileType = sourcecode.swift; path = spotyUITestsLaunchTests.swift; sourceTree = "<group>"; };
/* End PBXFileReference section */

/* Begin PBXFrameworksBuildPhase section */
		A71883872856389500037184 /* Frameworks */ = {
			isa = PBXFrameworksBuildPhase;
			buildActionMask = 2147483647;
			files = (
			);
			runOnlyForDeploymentPostprocessing = 0;
		};
		A71883972856389800037184 /* Frameworks */ = {
			isa = PBXFrameworksBuildPhase;
			buildActionMask = 2147483647;
			files = (
			);
			runOnlyForDeploymentPostprocessing = 0;
		};
		A71883A12856389800037184 /* Frameworks */ = {
			isa = PBXFrameworksBuildPhase;
			buildActionMask = 2147483647;
			files = (
			);
			runOnlyForDeploymentPostprocessing = 0;
		};
/* End PBXFrameworksBuildPhase section */

/* Begin PBXGroup section */
		A71883812856389500037184 = {
			isa = PBXGroup;
			children = (
				A718838C2856389500037184 /* spoty */,
				A718839D2856389800037184 /* spotyTests */,
				A71883A72856389800037184 /* spotyUITests */,
				A718838B2856389500037184 /* Products */,
			);
			sourceTree = "<group>";
		};
		A718838B2856389500037184 /* Products */ = {
			isa = PBXGroup;
			children = (
				A718838A2856389500037184 /* spoty.app */,
				A718839A2856389800037184 /* spotyTests.xctest */,
				A71883A42856389800037184 /* spotyUITests.xctest */,
			);
			name = Products;
			sourceTree = "<group>";
		};
		A718838C2856389500037184 /* spoty */ = {
			isa = PBXGroup;
			children = (
				A718838D2856389500037184 /* spotyApp.swift */,
				A718838F2856389500037184 /* ContentView.swift */,
				A71883912856389800037184 /* Assets.xcassets */,
				A71883932856389800037184 /* Preview Content */,
			);
			path = spoty;
			sourceTree = "<group>";
		};
		A71883932856389800037184 /* Preview Content */ = {
			isa = PBXGroup;
			children = (
				A71883942856389800037184 /* Preview Assets.xcassets */,
			);
			path = "Preview Content";
			sourceTree = "<group>";
		};
		A718839D2856389800037184 /* spotyTests */ = {
			isa = PBXGroup;
			children = (
				A718839E2856389800037184 /* spotyTests.swift */,
			);
			path = spotyTests;
			sourceTree = "<group>";
		};
		A71883A72856389800037184 /* spotyUITests */ = {
			isa = PBXGroup;
			children = (
				A71883A82856389800037184 /* spotyUITests.swift */,
				A71883AA2856389800037184 /* spotyUITestsLaunchTests.swift */,
			);
			path = spotyUITests;
			sourceTree = "<group>";
		};
/* End PBXGroup section */

/* Begin PBXNativeTarget section */
		A71883892856389500037184 /* spoty */ = {
			isa = PBXNativeTarget;
			buildConfigurationList = A71883AE2856389800037184 /* Build configuration list for PBXNativeTarget "spoty" */;
			buildPhases = (
				A71883862856389500037184 /* Sources */,
				A71883872856389500037184 /* Frameworks */,
				A71883882856389500037184 /* Resources */,
			);
			buildRules = (
			);
			dependencies = (
			);
			name = spoty;
			productName = spoty;
			productReference = A718838A2856389500037184 /* spoty.app */;
			productType = "com.apple.product-type.application";
		};
		A71883992856389800037184 /* spotyTests */ = {
			isa = PBXNativeTarget;
			buildConfigurationList = A71883B12856389800037184 /* Build configuration list for PBXNativeTarget "spotyTests" */;
			buildPhases = (
				A71883962856389800037184 /* Sources */,
				A71883972856389800037184 /* Frameworks */,
				A71883982856389800037184 /* Resources */,
			);
			buildRules = (
			);
			dependencies = (
				A718839C2856389800037184 /* PBXTargetDependency */,
			);
			name = spotyTests;
			productName = spotyTests;
			productReference = A718839A2856389800037184 /* spotyTests.xctest */;
			productType = "com.apple.product-type.bundle.unit-test";
		};
		A71883A32856389800037184 /* spotyUITests */ = {
			isa = PBXNativeTarget;
			buildConfigurationList = A71883B42856389800037184 /* Build configuration list for PBXNativeTarget "spotyUITests" */;
			buildPhases = (
				A71883A02856389800037184 /* Sources */,
				A71883A12856389800037184 /* Frameworks */,
				A71883A22856389800037184 /* Resources */,
			);
			buildRules = (
			);
			dependencies = (
				A71883A62856389800037184 /* PBXTargetDependency */,
			);
			name = spotyUITests;
			productName = spotyUITests;
			productReference = A71883A42856389800037184 /* spotyUITests.xctest */;
			productType = "com.apple.product-type.bundle.ui-testing";
		};
/* End PBXNativeTarget section */

/* Begin PBXProject section */
		A71883822856389500037184 /* Project object */ = {
			isa = PBXProject;
			attributes = {
				BuildIndependentTargetsInParallel = 1;
				LastSwiftUpdateCheck = 1330;
				LastUpgradeCheck = 1330;
				TargetAttributes = {
					A71883892856389500037184 = {
						CreatedOnToolsVersion = 13.3;
					};
					A71883992856389800037184 = {
						CreatedOnToolsVersion = 13.3;
						TestTargetID = A71883892856389500037184;
					};
					A71883A32856389800037184 = {
						CreatedOnToolsVersion = 13.3;
						TestTargetID = A71883892856389500037184;
					};
				};
			};
			buildConfigurationList = A71883852856389500037184 /* Build configuration list for PBXProject "spoty" */;
			compatibilityVersion = "Xcode 13.0";
			developmentRegion = en;
			hasScannedForEncodings = 0;
			knownRegions = (
				en,
				Base,
			);
			mainGroup = A71883812856389500037184;
			productRefGroup = A718838B2856389500037184 /* Products */;
			projectDirPath = "";
			projectRoot = "";
			targets = (
				A71883892856389500037184 /* spoty */,
				A71883992856389800037184 /* spotyTests */,
				A71883A32856389800037184 /* spotyUITests */,
			);
		};
/* End PBXProject section */

/* Begin PBXResourcesBuildPhase section */
		A71883882856389500037184 /* Resources */ = {
			isa = PBXResourcesBuildPhase;
			buildActionMask = 2147483647;
			files = (
				A71883952856389800037184 /* Preview Assets.xcassets in Resources */,
				A71883922856389800037184 /* Assets.xcassets in Resources */,
			);
			runOnlyForDeploymentPostprocessing = 0;
		};
		A71883982856389800037184 /* Resources */ = {
			isa = PBXResourcesBuildPhase;
			buildActionMask = 2147483647;
			files = (
			);
			runOnlyForDeploymentPostprocessing = 0;
		};
		A71883A22856389800037184 /* Resources */ = {
			isa = PBXResourcesBuildPhase;
			buildActionMask = 2147483647;
			files = (
			);
			runOnlyForDeploymentPostprocessing = 0;
		};
/* End PBXResourcesBuildPhase section */

/* Begin PBXSourcesBuildPhase section */
		A71883862856389500037184 /* Sources */ = {
			isa = PBXSourcesBuildPhase;
			buildActionMask = 2147483647;
			files = (
				A71883902856389500037184 /* ContentView.swift in Sources */,
				A718838E2856389500037184 /* spotyApp.swift in Sources */,
			);
			runOnlyForDeploymentPostprocessing = 0;
		};
		A71883962856389800037184 /* Sources */ = {
			isa = PBXSourcesBuildPhase;
			buildActionMask = 2147483647;
			files = (
				A718839F2856389800037184 /* spotyTests.swift in Sources */,
			);
			runOnlyForDeploymentPostprocessing = 0;
		};
		A71883A02856389800037184 /* Sources */ = {
			isa = PBXSourcesBuildPhase;
			buildActionMask = 2147483647;
			files = (
				A71883AB2856389800037184 /* spotyUITestsLaunchTests.swift in Sources */,
				A71883A92856389800037184 /* spotyUITests.swift in Sources */,
			);
			runOnlyForDeploymentPostprocessing = 0;
		};
/* End PBXSourcesBuildPhase section */

/* Begin PBXTargetDependency section */
		A718839C2856389800037184 /* PBXTargetDependency */ = {
			isa = PBXTargetDependency;
			target = A71883892856389500037184 /* spoty */;
			targetProxy = A718839B2856389800037184 /* PBXContainerItemProxy */;
		};
		A71883A62856389800037184 /* PBXTargetDependency */ = {
			isa = PBXTargetDependency;
			target = A71883892856389500037184 /* spoty */;
			targetProxy = A71883A52856389800037184 /* PBXContainerItemProxy */;
		};
/* End PBXTargetDependency section */

/* Begin XCBuildConfiguration section */
		A71883AC2856389800037184 /* Debug */ = {
			isa = XCBuildConfiguration;
			buildSettings = {
				ALWAYS_SEARCH_USER_PATHS = NO;
				CLANG_ANALYZER_NONNULL = YES;
				CLANG_ANALYZER_NUMBER_OBJECT_CONVERSION = YES_AGGRESSIVE;
				CLANG_CXX_LANGUAGE_STANDARD = "gnu++17";
				CLANG_ENABLE_MODULES = YES;
				CLANG_ENABLE_OBJC_ARC = YES;
				CLANG_ENABLE_OBJC_WEAK = YES;
				CLANG_WARN_BLOCK_CAPTURE_AUTORELEASING = YES;
				CLANG_WARN_BOOL_CONVERSION = YES;
				CLANG_WARN_COMMA = YES;
				CLANG_WARN_CONSTANT_CONVERSION = YES;
				CLANG_WARN_DEPRECATED_OBJC_IMPLEMENTATIONS = YES;
				CLANG_WARN_DIRECT_OBJC_ISA_USAGE = YES_ERROR;
				CLANG_WARN_DOCUMENTATION_COMMENTS = YES;
				CLANG_WARN_EMPTY_BODY = YES;
				CLANG_WARN_ENUM_CONVERSION = YES;
				CLANG_WARN_INFINITE_RECURSION = YES;
				CLANG_WARN_INT_CONVERSION = YES;
				CLANG_WARN_NON_LITERAL_NULL_CONVERSION = YES;
				CLANG_WARN_OBJC_IMPLICIT_RETAIN_SELF = YES;
				CLANG_WARN_OBJC_LITERAL_CONVERSION = YES;
				CLANG_WARN_OBJC_ROOT_CLASS = YES_ERROR;
				CLANG_WARN_QUOTED_INCLUDE_IN_FRAMEWORK_HEADER = YES;
				CLANG_WARN_RANGE_LOOP_ANALYSIS = YES;
				CLANG_WARN_STRICT_PROTOTYPES = YES;
				CLANG_WARN_SUSPICIOUS_MOVE = YES;
				CLANG_WARN_UNGUARDED_AVAILABILITY = YES_AGGRESSIVE;
				CLANG_WARN_UNREACHABLE_CODE = YES;
				CLANG_WARN__DUPLICATE_METHOD_MATCH = YES;
				COPY_PHASE_STRIP = NO;
				DEBUG_INFORMATION_FORMAT = dwarf;
				ENABLE_STRICT_OBJC_MSGSEND = YES;
				ENABLE_TESTABILITY = YES;
				GCC_C_LANGUAGE_STANDARD = gnu11;
				GCC_DYNAMIC_NO_PIC = NO;
				GCC_NO_COMMON_BLOCKS = YES;
				GCC_OPTIMIZATION_LEVEL = 0;
				GCC_PREPROCESSOR_DEFINITIONS = (
					"DEBUG=1",
					"$(inherited)",
				);
				GCC_WARN_64_TO_32_BIT_CONVERSION = YES;
				GCC_WARN_ABOUT_RETURN_TYPE = YES_ERROR;
				GCC_WARN_UNDECLARED_SELECTOR = YES;
				GCC_WARN_UNINITIALIZED_AUTOS = YES_AGGRESSIVE;
				GCC_WARN_UNUSED_FUNCTION = YES;
				GCC_WARN_UNUSED_VARIABLE = YES;
				IPHONEOS_DEPLOYMENT_TARGET = 15.4;
				MTL_ENABLE_DEBUG_INFO = INCLUDE_SOURCE;
				MTL_FAST_MATH = YES;
				ONLY_ACTIVE_ARCH = YES;
				SDKROOT = iphoneos;
				SWIFT_ACTIVE_COMPILATION_CONDITIONS = DEBUG;
				SWIFT_OPTIMIZATION_LEVEL = "-Onone";
			};
			name = Debug;
		};
		A71883AD2856389800037184 /* Release */ = {
			isa = XCBuildConfiguration;
			buildSettings = {
				ALWAYS_SEARCH_USER_PATHS = NO;
				CLANG_ANALYZER_NONNULL = YES;
				CLANG_ANALYZER_NUMBER_OBJECT_CONVERSION = YES_AGGRESSIVE;
				CLANG_CXX_LANGUAGE_STANDARD = "gnu++17";
				CLANG_ENABLE_MODULES = YES;
				CLANG_ENABLE_OBJC_ARC = YES;
				CLANG_ENABLE_OBJC_WEAK = YES;
				CLANG_WARN_BLOCK_CAPTURE_AUTORELEASING = YES;
				CLANG_WARN_BOOL_CONVERSION = YES;
				CLANG_WARN_COMMA = YES;
				CLANG_WARN_CONSTANT_CONVERSION = YES;
				CLANG_WARN_DEPRECATED_OBJC_IMPLEMENTATIONS = YES;
				CLANG_WARN_DIRECT_OBJC_ISA_USAGE = YES_ERROR;
				CLANG_WARN_DOCUMENTATION_COMMENTS = YES;
				CLANG_WARN_EMPTY_BODY = YES;
				CLANG_WARN_ENUM_CONVERSION = YES;
				CLANG_WARN_INFINITE_RECURSION = YES;
				CLANG_WARN_INT_CONVERSION = YES;
				CLANG_WARN_NON_LITERAL_NULL_CONVERSION = YES;
				CLANG_WARN_OBJC_IMPLICIT_RETAIN_SELF = YES;
				CLANG_WARN_OBJC_LITERAL_CONVERSION = YES;
				CLANG_WARN_OBJC_ROOT_CLASS = YES_ERROR;
				CLANG_WARN_QUOTED_INCLUDE_IN_FRAMEWORK_HEADER = YES;
				CLANG_WARN_RANGE_LOOP_ANALYSIS = YES;
				CLANG_WARN_STRICT_PROTOTYPES = YES;
				CLANG_WARN_SUSPICIOUS_MOVE = YES;
				CLANG_WARN_UNGUARDED_AVAILABILITY = YES_AGGRESSIVE;
				CLANG_WARN_UNREACHABLE_CODE = YES;
				CLANG_WARN__DUPLICATE_METHOD_MATCH = YES;
				COPY_PHASE_STRIP = NO;
				DEBUG_INFORMATION_FORMAT = "dwarf-with-dsym";
				ENABLE_NS_ASSERTIONS = NO;
				ENABLE_STRICT_OBJC_MSGSEND = YES;
				GCC_C_LANGUAGE_STANDARD = gnu11;
				GCC_NO_COMMON_BLOCKS = YES;
				GCC_WARN_64_TO_32_BIT_CONVERSION = YES;
				GCC_WARN_ABOUT_RETURN_TYPE = YES_ERROR;
				GCC_WARN_UNDECLARED_SELECTOR = YES;
				GCC_WARN_UNINITIALIZED_AUTOS = YES_AGGRESSIVE;
				GCC_WARN_UNUSED_FUNCTION = YES;
				GCC_WARN_UNUSED_VARIABLE = YES;
				IPHONEOS_DEPLOYMENT_TARGET = 15.4;
				MTL_ENABLE_DEBUG_INFO = NO;
				MTL_FAST_MATH = YES;
				SDKROOT = iphoneos;
				SWIFT_COMPILATION_MODE = wholemodule;
				SWIFT_OPTIMIZATION_LEVEL = "-O";
				VALIDATE_PRODUCT = YES;
			};
			name = Release;
		};
		A71883AF2856389800037184 /* Debug */ = {
			isa = XCBuildConfiguration;
			buildSettings = {
				ASSETCATALOG_COMPILER_APPICON_NAME = AppIcon;
				ASSETCATALOG_COMPILER_GLOBAL_ACCENT_COLOR_NAME = AccentColor;
				CODE_SIGN_STYLE = Automatic;
				CURRENT_PROJECT_VERSION = 1;
				DEVELOPMENT_ASSET_PATHS = "\"spoty/Preview Content\"";
				ENABLE_PREVIEWS = YES;
				GENERATE_INFOPLIST_FILE = YES;
				INFOPLIST_KEY_UIApplicationSceneManifest_Generation = YES;
				INFOPLIST_KEY_UIApplicationSupportsIndirectInputEvents = YES;
				INFOPLIST_KEY_UILaunchScreen_Generation = YES;
				INFOPLIST_KEY_UISupportedInterfaceOrientations_iPad = "UIInterfaceOrientationPortrait UIInterfaceOrientationPortraitUpsideDown UIInterfaceOrientationLandscapeLeft UIInterfaceOrientationLandscapeRight";
				INFOPLIST_KEY_UISupportedInterfaceOrientations_iPhone = "UIInterfaceOrientationPortrait UIInterfaceOrientationLandscapeLeft UIInterfaceOrientationLandscapeRight";
				LD_RUNPATH_SEARCH_PATHS = (
					"$(inherited)",
					"@executable_path/Frameworks",
				);
				MARKETING_VERSION = 1.0;
				PRODUCT_BUNDLE_IDENTIFIER = com.coroutinedispatcher.spoty;
				PRODUCT_NAME = "$(TARGET_NAME)";
				SWIFT_EMIT_LOC_STRINGS = YES;
				SWIFT_VERSION = 5.0;
				TARGETED_DEVICE_FAMILY = "1,2";
			};
			name = Debug;
		};
		A71883B02856389800037184 /* Release */ = {
			isa = XCBuildConfiguration;
			buildSettings = {
				ASSETCATALOG_COMPILER_APPICON_NAME = AppIcon;
				ASSETCATALOG_COMPILER_GLOBAL_ACCENT_COLOR_NAME = AccentColor;
				CODE_SIGN_STYLE = Automatic;
				CURRENT_PROJECT_VERSION = 1;
				DEVELOPMENT_ASSET_PATHS = "\"spoty/Preview Content\"";
				ENABLE_PREVIEWS = YES;
				GENERATE_INFOPLIST_FILE = YES;
				INFOPLIST_KEY_UIApplicationSceneManifest_Generation = YES;
				INFOPLIST_KEY_UIApplicationSupportsIndirectInputEvents = YES;
				INFOPLIST_KEY_UILaunchScreen_Generation = YES;
				INFOPLIST_KEY_UISupportedInterfaceOrientations_iPad = "UIInterfaceOrientationPortrait UIInterfaceOrientationPortraitUpsideDown UIInterfaceOrientationLandscapeLeft UIInterfaceOrientationLandscapeRight";
				INFOPLIST_KEY_UISupportedInterfaceOrientations_iPhone = "UIInterfaceOrientationPortrait UIInterfaceOrientationLandscapeLeft UIInterfaceOrientationLandscapeRight";
				LD_RUNPATH_SEARCH_PATHS = (
					"$(inherited)",
					"@executable_path/Frameworks",
				);
				MARKETING_VERSION = 1.0;
				PRODUCT_BUNDLE_IDENTIFIER = com.coroutinedispatcher.spoty;
				PRODUCT_NAME = "$(TARGET_NAME)";
				SWIFT_EMIT_LOC_STRINGS = YES;
				SWIFT_VERSION = 5.0;
				TARGETED_DEVICE_FAMILY = "1,2";
			};
			name = Release;
		};
		A71883B22856389800037184 /* Debug */ = {
			isa = XCBuildConfiguration;
			buildSettings = {
				ALWAYS_EMBED_SWIFT_STANDARD_LIBRARIES = YES;
				BUNDLE_LOADER = "$(TEST_HOST)";
				CODE_SIGN_STYLE = Automatic;
				CURRENT_PROJECT_VERSION = 1;
				GENERATE_INFOPLIST_FILE = YES;
				IPHONEOS_DEPLOYMENT_TARGET = 15.4;
				MARKETING_VERSION = 1.0;
				PRODUCT_BUNDLE_IDENTIFIER = com.coroutinedispatcher.spotyTests;
				PRODUCT_NAME = "$(TARGET_NAME)";
				SWIFT_EMIT_LOC_STRINGS = NO;
				SWIFT_VERSION = 5.0;
				TARGETED_DEVICE_FAMILY = "1,2";
				TEST_HOST = "$(BUILT_PRODUCTS_DIR)/spoty.app/spoty";
			};
			name = Debug;
		};
		A71883B32856389800037184 /* Release */ = {
			isa = XCBuildConfiguration;
			buildSettings = {
				ALWAYS_EMBED_SWIFT_STANDARD_LIBRARIES = YES;
				BUNDLE_LOADER = "$(TEST_HOST)";
				CODE_SIGN_STYLE = Automatic;
				CURRENT_PROJECT_VERSION = 1;
				GENERATE_INFOPLIST_FILE = YES;
				IPHONEOS_DEPLOYMENT_TARGET = 15.4;
				MARKETING_VERSION = 1.0;
				PRODUCT_BUNDLE_IDENTIFIER = com.coroutinedispatcher.spotyTests;
				PRODUCT_NAME = "$(TARGET_NAME)";
				SWIFT_EMIT_LOC_STRINGS = NO;
				SWIFT_VERSION = 5.0;
				TARGETED_DEVICE_FAMILY = "1,2";
				TEST_HOST = "$(BUILT_PRODUCTS_DIR)/spoty.app/spoty";
			};
			name = Release;
		};
		A71883B52856389800037184 /* Debug */ = {
			isa = XCBuildConfiguration;
			buildSettings = {
				ALWAYS_EMBED_SWIFT_STANDARD_LIBRARIES = YES;
				CODE_SIGN_STYLE = Automatic;
				CURRENT_PROJECT_VERSION = 1;
				GENERATE_INFOPLIST_FILE = YES;
				MARKETING_VERSION = 1.0;
				PRODUCT_BUNDLE_IDENTIFIER = com.coroutinedispatcher.spotyUITests;
				PRODUCT_NAME = "$(TARGET_NAME)";
				SWIFT_EMIT_LOC_STRINGS = NO;
				SWIFT_VERSION = 5.0;
				TARGETED_DEVICE_FAMILY = "1,2";
				TEST_TARGET_NAME = spoty;
			};
			name = Debug;
		};
		A71883B62856389800037184 /* Release */ = {
			isa = XCBuildConfiguration;
			buildSettings = {
				ALWAYS_EMBED_SWIFT_STANDARD_LIBRARIES = YES;
				CODE_SIGN_STYLE = Automatic;
				CURRENT_PROJECT_VERSION = 1;
				GENERATE_INFOPLIST_FILE = YES;
				MARKETING_VERSION = 1.0;
				PRODUCT_BUNDLE_IDENTIFIER = com.coroutinedispatcher.spotyUITests;
				PRODUCT_NAME = "$(TARGET_NAME)";
				SWIFT_EMIT_LOC_STRINGS = NO;
				SWIFT_VERSION = 5.0;
				TARGETED_DEVICE_FAMILY = "1,2";
				TEST_TARGET_NAME = spoty;
			};
			name = Release;
		};
/* End XCBuildConfiguration section */

/* Begin XCConfigurationList section */
		A71883852856389500037184 /* Build configuration list for PBXProject "spoty" */ = {
			isa = XCConfigurationList;
			buildConfigurations = (
				A71883AC2856389800037184 /* Debug */,
				A71883AD2856389800037184 /* Release */,
			);
			defaultConfigurationIsVisible = 0;
			defaultConfigurationName = Release;
		};
		A71883AE2856389800037184 /* Build configuration list for PBXNativeTarget "spoty" */ = {
			isa = XCConfigurationList;
			buildConfigurations = (
				A71883AF2856389800037184 /* Debug */,
				A71883B02856389800037184 /* Release */,
			);
			defaultConfigurationIsVisible = 0;
			defaultConfigurationName = Release;
		};
		A71883B12856389800037184 /* Build configuration list for PBXNativeTarget "spotyTests" */ = {
			isa = XCConfigurationList;
			buildConfigurations = (
				A71883B22856389800037184 /* Debug */,
				A71883B32856389800037184 /* Release */,
			);
			defaultConfigurationIsVisible = 0;
			defaultConfigurationName = Release;
		};
		A71883B42856389800037184 /* Build configuration list for PBXNativeTarget "spotyUITests" */ = {
			isa = XCConfigurationList;
			buildConfigurations = (
				A71883B52856389800037184 /* Debug */,
				A71883B62856389800037184 /* Release */,
			);
			defaultConfigurationIsVisible = 0;
			defaultConfigurationName = Release;
		};
/* End XCConfigurationList section */
	};
	rootObject = A71883822856389500037184 /* Project object */;
}
